// !$*UTF8*$!
{
	archiveVersion = 1;
	classes = {
	};
	objectVersion = 46;
	objects = {

/* Begin PBXBuildFile section */
		DA344D551E3DCD3D00B26CE5 /* AppDelegate.swift in Sources */ = {isa = PBXBuildFile; fileRef = DA344D541E3DCD3D00B26CE5 /* AppDelegate.swift */; };
		DA344D591E3DCD3E00B26CE5 /* Actions.sks in Resources */ = {isa = PBXBuildFile; fileRef = DA344D581E3DCD3E00B26CE5 /* Actions.sks */; };
		DA344D5D1E3DCD3E00B26CE5 /* GameViewController.swift in Sources */ = {isa = PBXBuildFile; fileRef = DA344D5C1E3DCD3E00B26CE5 /* GameViewController.swift */; };
		DA344D601E3DCD3E00B26CE5 /* Main.storyboard in Resources */ = {isa = PBXBuildFile; fileRef = DA344D5E1E3DCD3E00B26CE5 /* Main.storyboard */; };
		DA344D621E3DCD3E00B26CE5 /* Assets.xcassets in Resources */ = {isa = PBXBuildFile; fileRef = DA344D611E3DCD3E00B26CE5 /* Assets.xcassets */; };
		DA344D651E3DCD3E00B26CE5 /* LaunchScreen.storyboard in Resources */ = {isa = PBXBuildFile; fileRef = DA344D631E3DCD3E00B26CE5 /* LaunchScreen.storyboard */; };
		DA344D701E3DCD3E00B26CE5 /* Brian_BirdTests.swift in Sources */ = {isa = PBXBuildFile; fileRef = DA344D6F1E3DCD3E00B26CE5 /* Brian_BirdTests.swift */; };
		DA344D7B1E3DCD3E00B26CE5 /* Brian_BirdUITests.swift in Sources */ = {isa = PBXBuildFile; fileRef = DA344D7A1E3DCD3E00B26CE5 /* Brian_BirdUITests.swift */; };
		DA344D911E3DCDE400B26CE5 /* Blue 1.png in Resources */ = {isa = PBXBuildFile; fileRef = DA344D8D1E3DCDE400B26CE5 /* Blue 1.png */; };
		DA344D921E3DCDE400B26CE5 /* Blue 2.png in Resources */ = {isa = PBXBuildFile; fileRef = DA344D8E1E3DCDE400B26CE5 /* Blue 2.png */; };
		DA344D931E3DCDE400B26CE5 /* Blue 3.png in Resources */ = {isa = PBXBuildFile; fileRef = DA344D8F1E3DCDE400B26CE5 /* Blue 3.png */; };
		DA344D941E3DCDE400B26CE5 /* Blue 4.png in Resources */ = {isa = PBXBuildFile; fileRef = DA344D901E3DCDE400B26CE5 /* Blue 4.png */; };
		DA344D991E3DCDF500B26CE5 /* Green 1.png in Resources */ = {isa = PBXBuildFile; fileRef = DA344D951E3DCDF500B26CE5 /* Green 1.png */; };
		DA344D9A1E3DCDF500B26CE5 /* Green 2.png in Resources */ = {isa = PBXBuildFile; fileRef = DA344D961E3DCDF500B26CE5 /* Green 2.png */; };
		DA344D9B1E3DCDF500B26CE5 /* Green 3.png in Resources */ = {isa = PBXBuildFile; fileRef = DA344D971E3DCDF500B26CE5 /* Green 3.png */; };
		DA344D9C1E3DCDF500B26CE5 /* Green 4.png in Resources */ = {isa = PBXBuildFile; fileRef = DA344D981E3DCDF500B26CE5 /* Green 4.png */; };
		DA344DA11E3DCE0100B26CE5 /* Red 1.png in Resources */ = {isa = PBXBuildFile; fileRef = DA344D9D1E3DCE0100B26CE5 /* Red 1.png */; };
		DA344DA21E3DCE0100B26CE5 /* Red 2.png in Resources */ = {isa = PBXBuildFile; fileRef = DA344D9E1E3DCE0100B26CE5 /* Red 2.png */; };
		DA344DA31E3DCE0100B26CE5 /* Red 3.png in Resources */ = {isa = PBXBuildFile; fileRef = DA344D9F1E3DCE0100B26CE5 /* Red 3.png */; };
		DA344DA41E3DCE0100B26CE5 /* Red 4.png in Resources */ = {isa = PBXBuildFile; fileRef = DA344DA01E3DCE0100B26CE5 /* Red 4.png */; };
		DA344DAB1E3DCE4400B26CE5 /* Dead.mp3 in Resources */ = {isa = PBXBuildFile; fileRef = DA344DA81E3DCE4400B26CE5 /* Dead.mp3 */; };
		DA344DAC1E3DCE4400B26CE5 /* Fly.mp3 in Resources */ = {isa = PBXBuildFile; fileRef = DA344DA91E3DCE4400B26CE5 /* Fly.mp3 */; };
		DA344DAD1E3DCE4400B26CE5 /* Score.mp3 in Resources */ = {isa = PBXBuildFile; fileRef = DA344DAA1E3DCE4400B26CE5 /* Score.mp3 */; };
		DA344DB11E3DD52E00B26CE5 /* GameplayScene.sks in Resources */ = {isa = PBXBuildFile; fileRef = DA344DB01E3DD52E00B26CE5 /* GameplayScene.sks */; };
		DA344DB41E3DD59600B26CE5 /* GameplayScene.swift in Sources */ = {isa = PBXBuildFile; fileRef = DA344DB31E3DD59600B26CE5 /* GameplayScene.swift */; };
		DAEF1BFC1E3FC4270079DA4A /* Brian Bird.png in Resources */ = {isa = PBXBuildFile; fileRef = DAEF1BFB1E3FC4270079DA4A /* Brian Bird.png */; };
		DAEF1BFF1E3FCAB20079DA4A /* Random.swift in Sources */ = {isa = PBXBuildFile; fileRef = DAEF1BFE1E3FCAB20079DA4A /* Random.swift */; };
		DAEF1C001E3FD0690079DA4A /* 04b_19.ttf in Resources */ = {isa = PBXBuildFile; fileRef = DA344DA61E3DCE2700B26CE5 /* 04b_19.ttf */; };
		DAEF1C021E4029F00079DA4A /* MainMenuScene.sks in Resources */ = {isa = PBXBuildFile; fileRef = DAEF1C011E4029F00079DA4A /* MainMenuScene.sks */; };
		DAEF1C041E402A2C0079DA4A /* MainMenuScene.swift in Sources */ = {isa = PBXBuildFile; fileRef = DAEF1C031E402A2C0079DA4A /* MainMenuScene.swift */; };
		DAEF1C071E40616E0079DA4A /* GameManager.swift in Sources */ = {isa = PBXBuildFile; fileRef = DAEF1C061E40616E0079DA4A /* GameManager.swift */; };
		DAF3A3FC1E3E8B7D000BD6A7 /* Bird.swift in Sources */ = {isa = PBXBuildFile; fileRef = DAF3A3FB1E3E8B7D000BD6A7 /* Bird.swift */; };
/* End PBXBuildFile section */

/* Begin PBXContainerItemProxy section */
		DA344D6C1E3DCD3E00B26CE5 /* PBXContainerItemProxy */ = {
			isa = PBXContainerItemProxy;
			containerPortal = DA344D491E3DCD3D00B26CE5 /* Project object */;
			proxyType = 1;
			remoteGlobalIDString = DA344D501E3DCD3D00B26CE5;
			remoteInfo = "Brian Bird";
		};
		DA344D771E3DCD3E00B26CE5 /* PBXContainerItemProxy */ = {
			isa = PBXContainerItemProxy;
			containerPortal = DA344D491E3DCD3D00B26CE5 /* Project object */;
			proxyType = 1;
			remoteGlobalIDString = DA344D501E3DCD3D00B26CE5;
			remoteInfo = "Brian Bird";
		};
/* End PBXContainerItemProxy section */

/* Begin PBXFileReference section */
		DA344D511E3DCD3D00B26CE5 /* Brian Bird.app */ = {isa = PBXFileReference; explicitFileType = wrapper.application; includeInIndex = 0; path = "Brian Bird.app"; sourceTree = BUILT_PRODUCTS_DIR; };
		DA344D541E3DCD3D00B26CE5 /* AppDelegate.swift */ = {isa = PBXFileReference; lastKnownFileType = sourcecode.swift; path = AppDelegate.swift; sourceTree = "<group>"; };
		DA344D581E3DCD3E00B26CE5 /* Actions.sks */ = {isa = PBXFileReference; lastKnownFileType = file.sks; path = Actions.sks; sourceTree = "<group>"; };
		DA344D5C1E3DCD3E00B26CE5 /* GameViewController.swift */ = {isa = PBXFileReference; lastKnownFileType = sourcecode.swift; path = GameViewController.swift; sourceTree = "<group>"; };
		DA344D5F1E3DCD3E00B26CE5 /* Base */ = {isa = PBXFileReference; lastKnownFileType = file.storyboard; name = Base; path = Base.lproj/Main.storyboard; sourceTree = "<group>"; };
		DA344D611E3DCD3E00B26CE5 /* Assets.xcassets */ = {isa = PBXFileReference; lastKnownFileType = folder.assetcatalog; path = Assets.xcassets; sourceTree = "<group>"; };
		DA344D641E3DCD3E00B26CE5 /* Base */ = {isa = PBXFileReference; lastKnownFileType = file.storyboard; name = Base; path = Base.lproj/LaunchScreen.storyboard; sourceTree = "<group>"; };
		DA344D661E3DCD3E00B26CE5 /* Info.plist */ = {isa = PBXFileReference; lastKnownFileType = text.plist.xml; path = Info.plist; sourceTree = "<group>"; };
		DA344D6B1E3DCD3E00B26CE5 /* Brian BirdTests.xctest */ = {isa = PBXFileReference; explicitFileType = wrapper.cfbundle; includeInIndex = 0; path = "Brian BirdTests.xctest"; sourceTree = BUILT_PRODUCTS_DIR; };
		DA344D6F1E3DCD3E00B26CE5 /* Brian_BirdTests.swift */ = {isa = PBXFileReference; lastKnownFileType = sourcecode.swift; path = Brian_BirdTests.swift; sourceTree = "<group>"; };
		DA344D711E3DCD3E00B26CE5 /* Info.plist */ = {isa = PBXFileReference; lastKnownFileType = text.plist.xml; path = Info.plist; sourceTree = "<group>"; };
		DA344D761E3DCD3E00B26CE5 /* Brian BirdUITests.xctest */ = {isa = PBXFileReference; explicitFileType = wrapper.cfbundle; includeInIndex = 0; path = "Brian BirdUITests.xctest"; sourceTree = BUILT_PRODUCTS_DIR; };
		DA344D7A1E3DCD3E00B26CE5 /* Brian_BirdUITests.swift */ = {isa = PBXFileReference; lastKnownFileType = sourcecode.swift; path = Brian_BirdUITests.swift; sourceTree = "<group>"; };
		DA344D7C1E3DCD3E00B26CE5 /* Info.plist */ = {isa = PBXFileReference; lastKnownFileType = text.plist.xml; path = Info.plist; sourceTree = "<group>"; };
		DA344D8D1E3DCDE400B26CE5 /* Blue 1.png */ = {isa = PBXFileReference; lastKnownFileType = image.png; path = "Blue 1.png"; sourceTree = "<group>"; };
		DA344D8E1E3DCDE400B26CE5 /* Blue 2.png */ = {isa = PBXFileReference; lastKnownFileType = image.png; path = "Blue 2.png"; sourceTree = "<group>"; };
		DA344D8F1E3DCDE400B26CE5 /* Blue 3.png */ = {isa = PBXFileReference; lastKnownFileType = image.png; path = "Blue 3.png"; sourceTree = "<group>"; };
		DA344D901E3DCDE400B26CE5 /* Blue 4.png */ = {isa = PBXFileReference; lastKnownFileType = image.png; path = "Blue 4.png"; sourceTree = "<group>"; };
		DA344D951E3DCDF500B26CE5 /* Green 1.png */ = {isa = PBXFileReference; lastKnownFileType = image.png; path = "Green 1.png"; sourceTree = "<group>"; };
		DA344D961E3DCDF500B26CE5 /* Green 2.png */ = {isa = PBXFileReference; lastKnownFileType = image.png; path = "Green 2.png"; sourceTree = "<group>"; };
		DA344D971E3DCDF500B26CE5 /* Green 3.png */ = {isa = PBXFileReference; lastKnownFileType = image.png; path = "Green 3.png"; sourceTree = "<group>"; };
		DA344D981E3DCDF500B26CE5 /* Green 4.png */ = {isa = PBXFileReference; lastKnownFileType = image.png; path = "Green 4.png"; sourceTree = "<group>"; };
		DA344D9D1E3DCE0100B26CE5 /* Red 1.png */ = {isa = PBXFileReference; lastKnownFileType = image.png; path = "Red 1.png"; sourceTree = "<group>"; };
		DA344D9E1E3DCE0100B26CE5 /* Red 2.png */ = {isa = PBXFileReference; lastKnownFileType = image.png; path = "Red 2.png"; sourceTree = "<group>"; };
		DA344D9F1E3DCE0100B26CE5 /* Red 3.png */ = {isa = PBXFileReference; lastKnownFileType = image.png; path = "Red 3.png"; sourceTree = "<group>"; };
		DA344DA01E3DCE0100B26CE5 /* Red 4.png */ = {isa = PBXFileReference; lastKnownFileType = image.png; path = "Red 4.png"; sourceTree = "<group>"; };
		DA344DA61E3DCE2700B26CE5 /* 04b_19.ttf */ = {isa = PBXFileReference; lastKnownFileType = file; path = 04b_19.ttf; sourceTree = "<group>"; };
		DA344DA81E3DCE4400B26CE5 /* Dead.mp3 */ = {isa = PBXFileReference; lastKnownFileType = audio.mp3; path = Dead.mp3; sourceTree = "<group>"; };
		DA344DA91E3DCE4400B26CE5 /* Fly.mp3 */ = {isa = PBXFileReference; lastKnownFileType = audio.mp3; path = Fly.mp3; sourceTree = "<group>"; };
		DA344DAA1E3DCE4400B26CE5 /* Score.mp3 */ = {isa = PBXFileReference; lastKnownFileType = audio.mp3; path = Score.mp3; sourceTree = "<group>"; };
		DA344DB01E3DD52E00B26CE5 /* GameplayScene.sks */ = {isa = PBXFileReference; lastKnownFileType = file.sks; path = GameplayScene.sks; sourceTree = "<group>"; };
		DA344DB31E3DD59600B26CE5 /* GameplayScene.swift */ = {isa = PBXFileReference; fileEncoding = 4; lastKnownFileType = sourcecode.swift; path = GameplayScene.swift; sourceTree = "<group>"; };
		DAEF1BFB1E3FC4270079DA4A /* Brian Bird.png */ = {isa = PBXFileReference; lastKnownFileType = image.png; path = "Brian Bird.png"; sourceTree = "<group>"; };
		DAEF1BFE1E3FCAB20079DA4A /* Random.swift */ = {isa = PBXFileReference; fileEncoding = 4; lastKnownFileType = sourcecode.swift; path = Random.swift; sourceTree = "<group>"; };
		DAEF1C011E4029F00079DA4A /* MainMenuScene.sks */ = {isa = PBXFileReference; lastKnownFileType = file.sks; path = MainMenuScene.sks; sourceTree = "<group>"; };
		DAEF1C031E402A2C0079DA4A /* MainMenuScene.swift */ = {isa = PBXFileReference; fileEncoding = 4; lastKnownFileType = sourcecode.swift; path = MainMenuScene.swift; sourceTree = "<group>"; };
		DAEF1C061E40616E0079DA4A /* GameManager.swift */ = {isa = PBXFileReference; fileEncoding = 4; lastKnownFileType = sourcecode.swift; path = GameManager.swift; sourceTree = "<group>"; };
		DAF3A3FB1E3E8B7D000BD6A7 /* Bird.swift */ = {isa = PBXFileReference; fileEncoding = 4; lastKnownFileType = sourcecode.swift; path = Bird.swift; sourceTree = "<group>"; };
/* End PBXFileReference section */

/* Begin PBXFrameworksBuildPhase section */
		DA344D4E1E3DCD3D00B26CE5 /* Frameworks */ = {
			isa = PBXFrameworksBuildPhase;
			buildActionMask = 2147483647;
			files = (
			);
			runOnlyForDeploymentPostprocessing = 0;
		};
		DA344D681E3DCD3E00B26CE5 /* Frameworks */ = {
			isa = PBXFrameworksBuildPhase;
			buildActionMask = 2147483647;
			files = (
			);
			runOnlyForDeploymentPostprocessing = 0;
		};
		DA344D731E3DCD3E00B26CE5 /* Frameworks */ = {
			isa = PBXFrameworksBuildPhase;
			buildActionMask = 2147483647;
			files = (
			);
			runOnlyForDeploymentPostprocessing = 0;
		};
/* End PBXFrameworksBuildPhase section */

/* Begin PBXGroup section */
		DA344D481E3DCD3D00B26CE5 = {
			isa = PBXGroup;
			children = (
				DA344D531E3DCD3D00B26CE5 /* Brian Bird */,
				DA344DAF1E3DD4FB00B26CE5 /* Classes */,
				DA344DAE1E3DD4F100B26CE5 /* Scenes */,
				DA344D891E3DCD7D00B26CE5 /* Assets */,
				DA344D6E1E3DCD3E00B26CE5 /* Brian BirdTests */,
				DA344D791E3DCD3E00B26CE5 /* Brian BirdUITests */,
				DA344D521E3DCD3D00B26CE5 /* Products */,
			);
			sourceTree = "<group>";
		};
		DA344D521E3DCD3D00B26CE5 /* Products */ = {
			isa = PBXGroup;
			children = (
				DA344D511E3DCD3D00B26CE5 /* Brian Bird.app */,
				DA344D6B1E3DCD3E00B26CE5 /* Brian BirdTests.xctest */,
				DA344D761E3DCD3E00B26CE5 /* Brian BirdUITests.xctest */,
			);
			name = Products;
			sourceTree = "<group>";
		};
		DA344D531E3DCD3D00B26CE5 /* Brian Bird */ = {
			isa = PBXGroup;
			children = (
				DA344D541E3DCD3D00B26CE5 /* AppDelegate.swift */,
				DA344D581E3DCD3E00B26CE5 /* Actions.sks */,
				DA344D5C1E3DCD3E00B26CE5 /* GameViewController.swift */,
				DA344D5E1E3DCD3E00B26CE5 /* Main.storyboard */,
				DA344D611E3DCD3E00B26CE5 /* Assets.xcassets */,
				DA344D631E3DCD3E00B26CE5 /* LaunchScreen.storyboard */,
				DA344D661E3DCD3E00B26CE5 /* Info.plist */,
			);
			path = "Brian Bird";
			sourceTree = "<group>";
		};
		DA344D6E1E3DCD3E00B26CE5 /* Brian BirdTests */ = {
			isa = PBXGroup;
			children = (
				DA344D6F1E3DCD3E00B26CE5 /* Brian_BirdTests.swift */,
				DA344D711E3DCD3E00B26CE5 /* Info.plist */,
			);
			path = "Brian BirdTests";
			sourceTree = "<group>";
		};
		DA344D791E3DCD3E00B26CE5 /* Brian BirdUITests */ = {
			isa = PBXGroup;
			children = (
				DA344D7A1E3DCD3E00B26CE5 /* Brian_BirdUITests.swift */,
				DA344D7C1E3DCD3E00B26CE5 /* Info.plist */,
			);
			path = "Brian BirdUITests";
			sourceTree = "<group>";
		};
		DA344D891E3DCD7D00B26CE5 /* Assets */ = {
			isa = PBXGroup;
			children = (
				DA344DA71E3DCE3500B26CE5 /* Sounds */,
				DA344DA51E3DCE0B00B26CE5 /* Fonts */,
				DA344D8C1E3DCDA500B26CE5 /* Bird Green */,
				DA344D8B1E3DCD9F00B26CE5 /* Bird Red */,
				DA344D8A1E3DCD8D00B26CE5 /* Bird Blue */,
			);
			name = Assets;
			sourceTree = "<group>";
		};
		DA344D8A1E3DCD8D00B26CE5 /* Bird Blue */ = {
			isa = PBXGroup;
			children = (
				DAEF1BFB1E3FC4270079DA4A /* Brian Bird.png */,
				DA344D8D1E3DCDE400B26CE5 /* Blue 1.png */,
				DA344D8E1E3DCDE400B26CE5 /* Blue 2.png */,
				DA344D8F1E3DCDE400B26CE5 /* Blue 3.png */,
				DA344D901E3DCDE400B26CE5 /* Blue 4.png */,
			);
			name = "Bird Blue";
			sourceTree = "<group>";
		};
		DA344D8B1E3DCD9F00B26CE5 /* Bird Red */ = {
			isa = PBXGroup;
			children = (
				DA344D9D1E3DCE0100B26CE5 /* Red 1.png */,
				DA344D9E1E3DCE0100B26CE5 /* Red 2.png */,
				DA344D9F1E3DCE0100B26CE5 /* Red 3.png */,
				DA344DA01E3DCE0100B26CE5 /* Red 4.png */,
			);
			name = "Bird Red";
			sourceTree = "<group>";
		};
		DA344D8C1E3DCDA500B26CE5 /* Bird Green */ = {
			isa = PBXGroup;
			children = (
				DA344D951E3DCDF500B26CE5 /* Green 1.png */,
				DA344D961E3DCDF500B26CE5 /* Green 2.png */,
				DA344D971E3DCDF500B26CE5 /* Green 3.png */,
				DA344D981E3DCDF500B26CE5 /* Green 4.png */,
			);
			name = "Bird Green";
			sourceTree = "<group>";
		};
		DA344DA51E3DCE0B00B26CE5 /* Fonts */ = {
			isa = PBXGroup;
			children = (
				DA344DA61E3DCE2700B26CE5 /* 04b_19.ttf */,
			);
			name = Fonts;
			sourceTree = "<group>";
		};
		DA344DA71E3DCE3500B26CE5 /* Sounds */ = {
			isa = PBXGroup;
			children = (
				DA344DA81E3DCE4400B26CE5 /* Dead.mp3 */,
				DA344DA91E3DCE4400B26CE5 /* Fly.mp3 */,
				DA344DAA1E3DCE4400B26CE5 /* Score.mp3 */,
			);
			name = Sounds;
			sourceTree = "<group>";
		};
		DA344DAE1E3DD4F100B26CE5 /* Scenes */ = {
			isa = PBXGroup;
			children = (
				DA344DB01E3DD52E00B26CE5 /* GameplayScene.sks */,
				DAEF1C011E4029F00079DA4A /* MainMenuScene.sks */,
			);
			name = Scenes;
			sourceTree = "<group>";
		};
		DA344DAF1E3DD4FB00B26CE5 /* Classes */ = {
			isa = PBXGroup;
			children = (
				DAEF1C051E4061560079DA4A /* Game Manager */,
				DAEF1BFD1E3FCA9D0079DA4A /* Random Class */,
				DAF3A3FA1E3E8B64000BD6A7 /* Bird Class */,
				DA344DB21E3DD58300B26CE5 /* Scene Classes */,
			);
			name = Classes;
			sourceTree = "<group>";
		};
		DA344DB21E3DD58300B26CE5 /* Scene Classes */ = {
			isa = PBXGroup;
			children = (
				DA344DB31E3DD59600B26CE5 /* GameplayScene.swift */,
				DAEF1C031E402A2C0079DA4A /* MainMenuScene.swift */,
			);
			name = "Scene Classes";
			sourceTree = "<group>";
		};
		DAEF1BFD1E3FCA9D0079DA4A /* Random Class */ = {
			isa = PBXGroup;
			children = (
				DAEF1BFE1E3FCAB20079DA4A /* Random.swift */,
			);
			name = "Random Class";
			sourceTree = "<group>";
		};
		DAEF1C051E4061560079DA4A /* Game Manager */ = {
			isa = PBXGroup;
			children = (
				DAEF1C061E40616E0079DA4A /* GameManager.swift */,
			);
			name = "Game Manager";
			sourceTree = "<group>";
		};
		DAF3A3FA1E3E8B64000BD6A7 /* Bird Class */ = {
			isa = PBXGroup;
			children = (
				DAF3A3FB1E3E8B7D000BD6A7 /* Bird.swift */,
			);
			name = "Bird Class";
			sourceTree = "<group>";
		};
/* End PBXGroup section */

/* Begin PBXNativeTarget section */
		DA344D501E3DCD3D00B26CE5 /* Brian Bird */ = {
			isa = PBXNativeTarget;
			buildConfigurationList = DA344D7F1E3DCD3E00B26CE5 /* Build configuration list for PBXNativeTarget "Brian Bird" */;
			buildPhases = (
				DA344D4D1E3DCD3D00B26CE5 /* Sources */,
				DA344D4E1E3DCD3D00B26CE5 /* Frameworks */,
				DA344D4F1E3DCD3D00B26CE5 /* Resources */,
			);
			buildRules = (
			);
			dependencies = (
			);
			name = "Brian Bird";
			productName = "Brian Bird";
			productReference = DA344D511E3DCD3D00B26CE5 /* Brian Bird.app */;
			productType = "com.apple.product-type.application";
		};
		DA344D6A1E3DCD3E00B26CE5 /* Brian BirdTests */ = {
			isa = PBXNativeTarget;
			buildConfigurationList = DA344D821E3DCD3E00B26CE5 /* Build configuration list for PBXNativeTarget "Brian BirdTests" */;
			buildPhases = (
				DA344D671E3DCD3E00B26CE5 /* Sources */,
				DA344D681E3DCD3E00B26CE5 /* Frameworks */,
				DA344D691E3DCD3E00B26CE5 /* Resources */,
			);
			buildRules = (
			);
			dependencies = (
				DA344D6D1E3DCD3E00B26CE5 /* PBXTargetDependency */,
			);
			name = "Brian BirdTests";
			productName = "Brian BirdTests";
			productReference = DA344D6B1E3DCD3E00B26CE5 /* Brian BirdTests.xctest */;
			productType = "com.apple.product-type.bundle.unit-test";
		};
		DA344D751E3DCD3E00B26CE5 /* Brian BirdUITests */ = {
			isa = PBXNativeTarget;
			buildConfigurationList = DA344D851E3DCD3E00B26CE5 /* Build configuration list for PBXNativeTarget "Brian BirdUITests" */;
			buildPhases = (
				DA344D721E3DCD3E00B26CE5 /* Sources */,
				DA344D731E3DCD3E00B26CE5 /* Frameworks */,
				DA344D741E3DCD3E00B26CE5 /* Resources */,
			);
			buildRules = (
			);
			dependencies = (
				DA344D781E3DCD3E00B26CE5 /* PBXTargetDependency */,
			);
			name = "Brian BirdUITests";
			productName = "Brian BirdUITests";
			productReference = DA344D761E3DCD3E00B26CE5 /* Brian BirdUITests.xctest */;
			productType = "com.apple.product-type.bundle.ui-testing";
		};
/* End PBXNativeTarget section */

/* Begin PBXProject section */
		DA344D491E3DCD3D00B26CE5 /* Project object */ = {
			isa = PBXProject;
			attributes = {
				LastSwiftUpdateCheck = 0800;
				LastUpgradeCheck = 0800;
				ORGANIZATIONNAME = CanelaApps;
				TargetAttributes = {
					DA344D501E3DCD3D00B26CE5 = {
						CreatedOnToolsVersion = 8.0;
						DevelopmentTeam = L5PJHUVTXH;
						ProvisioningStyle = Automatic;
					};
					DA344D6A1E3DCD3E00B26CE5 = {
						CreatedOnToolsVersion = 8.0;
						DevelopmentTeam = L5PJHUVTXH;
						ProvisioningStyle = Automatic;
						TestTargetID = DA344D501E3DCD3D00B26CE5;
					};
					DA344D751E3DCD3E00B26CE5 = {
						CreatedOnToolsVersion = 8.0;
						DevelopmentTeam = L5PJHUVTXH;
						ProvisioningStyle = Automatic;
						TestTargetID = DA344D501E3DCD3D00B26CE5;
					};
				};
			};
			buildConfigurationList = DA344D4C1E3DCD3D00B26CE5 /* Build configuration list for PBXProject "Brian Bird" */;
			compatibilityVersion = "Xcode 3.2";
			developmentRegion = English;
			hasScannedForEncodings = 0;
			knownRegions = (
				en,
				Base,
			);
			mainGroup = DA344D481E3DCD3D00B26CE5;
			productRefGroup = DA344D521E3DCD3D00B26CE5 /* Products */;
			projectDirPath = "";
			projectRoot = "";
			targets = (
				DA344D501E3DCD3D00B26CE5 /* Brian Bird */,
				DA344D6A1E3DCD3E00B26CE5 /* Brian BirdTests */,
				DA344D751E3DCD3E00B26CE5 /* Brian BirdUITests */,
			);
		};
/* End PBXProject section */

/* Begin PBXResourcesBuildPhase section */
		DA344D4F1E3DCD3D00B26CE5 /* Resources */ = {
			isa = PBXResourcesBuildPhase;
			buildActionMask = 2147483647;
			files = (
				DAEF1BFC1E3FC4270079DA4A /* Brian Bird.png in Resources */,
				DA344DAB1E3DCE4400B26CE5 /* Dead.mp3 in Resources */,
				DA344D9C1E3DCDF500B26CE5 /* Green 4.png in Resources */,
				DA344D931E3DCDE400B26CE5 /* Blue 3.png in Resources */,
				DA344D601E3DCD3E00B26CE5 /* Main.storyboard in Resources */,
				DA344DB11E3DD52E00B26CE5 /* GameplayScene.sks in Resources */,
				DA344D9B1E3DCDF500B26CE5 /* Green 3.png in Resources */,
				DA344DA11E3DCE0100B26CE5 /* Red 1.png in Resources */,
				DA344DA21E3DCE0100B26CE5 /* Red 2.png in Resources */,
				DA344DAC1E3DCE4400B26CE5 /* Fly.mp3 in Resources */,
				DA344D991E3DCDF500B26CE5 /* Green 1.png in Resources */,
				DA344D941E3DCDE400B26CE5 /* Blue 4.png in Resources */,
				DA344D9A1E3DCDF500B26CE5 /* Green 2.png in Resources */,
				DA344DA31E3DCE0100B26CE5 /* Red 3.png in Resources */,
				DA344DA41E3DCE0100B26CE5 /* Red 4.png in Resources */,
				DA344D921E3DCDE400B26CE5 /* Blue 2.png in Resources */,
				DA344DAD1E3DCE4400B26CE5 /* Score.mp3 in Resources */,
				DA344D911E3DCDE400B26CE5 /* Blue 1.png in Resources */,
				DA344D621E3DCD3E00B26CE5 /* Assets.xcassets in Resources */,
				DA344D651E3DCD3E00B26CE5 /* LaunchScreen.storyboard in Resources */,
				DA344D591E3DCD3E00B26CE5 /* Actions.sks in Resources */,
				DAEF1C021E4029F00079DA4A /* MainMenuScene.sks in Resources */,
				DAEF1C001E3FD0690079DA4A /* 04b_19.ttf in Resources */,
			);
			runOnlyForDeploymentPostprocessing = 0;
		};
		DA344D691E3DCD3E00B26CE5 /* Resources */ = {
			isa = PBXResourcesBuildPhase;
			buildActionMask = 2147483647;
			files = (
			);
			runOnlyForDeploymentPostprocessing = 0;
		};
		DA344D741E3DCD3E00B26CE5 /* Resources */ = {
			isa = PBXResourcesBuildPhase;
			buildActionMask = 2147483647;
			files = (
			);
			runOnlyForDeploymentPostprocessing = 0;
		};
/* End PBXResourcesBuildPhase section */

/* Begin PBXSourcesBuildPhase section */
		DA344D4D1E3DCD3D00B26CE5 /* Sources */ = {
			isa = PBXSourcesBuildPhase;
			buildActionMask = 2147483647;
			files = (
				DAEF1C041E402A2C0079DA4A /* MainMenuScene.swift in Sources */,
				DA344DB41E3DD59600B26CE5 /* GameplayScene.swift in Sources */,
				DA344D5D1E3DCD3E00B26CE5 /* GameViewController.swift in Sources */,
				DAEF1C071E40616E0079DA4A /* GameManager.swift in Sources */,
				DAEF1BFF1E3FCAB20079DA4A /* Random.swift in Sources */,
				DAF3A3FC1E3E8B7D000BD6A7 /* Bird.swift in Sources */,
				DA344D551E3DCD3D00B26CE5 /* AppDelegate.swift in Sources */,
			);
			runOnlyForDeploymentPostprocessing = 0;
		};
		DA344D671E3DCD3E00B26CE5 /* Sources */ = {
			isa = PBXSourcesBuildPhase;
			buildActionMask = 2147483647;
			files = (
				DA344D701E3DCD3E00B26CE5 /* Brian_BirdTests.swift in Sources */,
			);
			runOnlyForDeploymentPostprocessing = 0;
		};
		DA344D721E3DCD3E00B26CE5 /* Sources */ = {
			isa = PBXSourcesBuildPhase;
			buildActionMask = 2147483647;
			files = (
				DA344D7B1E3DCD3E00B26CE5 /* Brian_BirdUITests.swift in Sources */,
			);
			runOnlyForDeploymentPostprocessing = 0;
		};
/* End PBXSourcesBuildPhase section */

/* Begin PBXTargetDependency section */
		DA344D6D1E3DCD3E00B26CE5 /* PBXTargetDependency */ = {
			isa = PBXTargetDependency;
			target = DA344D501E3DCD3D00B26CE5 /* Brian Bird */;
			targetProxy = DA344D6C1E3DCD3E00B26CE5 /* PBXContainerItemProxy */;
		};
		DA344D781E3DCD3E00B26CE5 /* PBXTargetDependency */ = {
			isa = PBXTargetDependency;
			target = DA344D501E3DCD3D00B26CE5 /* Brian Bird */;
			targetProxy = DA344D771E3DCD3E00B26CE5 /* PBXContainerItemProxy */;
		};
/* End PBXTargetDependency section */

/* Begin PBXVariantGroup section */
		DA344D5E1E3DCD3E00B26CE5 /* Main.storyboard */ = {
			isa = PBXVariantGroup;
			children = (
				DA344D5F1E3DCD3E00B26CE5 /* Base */,
			);
			name = Main.storyboard;
			sourceTree = "<group>";
		};
		DA344D631E3DCD3E00B26CE5 /* LaunchScreen.storyboard */ = {
			isa = PBXVariantGroup;
			children = (
				DA344D641E3DCD3E00B26CE5 /* Base */,
			);
			name = LaunchScreen.storyboard;
			sourceTree = "<group>";
		};
/* End PBXVariantGroup section */

/* Begin XCBuildConfiguration section */
		DA344D7D1E3DCD3E00B26CE5 /* Debug */ = {
			isa = XCBuildConfiguration;
			buildSettings = {
				ALWAYS_SEARCH_USER_PATHS = NO;
				CLANG_ANALYZER_NONNULL = YES;
				CLANG_CXX_LANGUAGE_STANDARD = "gnu++0x";
				CLANG_CXX_LIBRARY = "libc++";
				CLANG_ENABLE_MODULES = YES;
				CLANG_ENABLE_OBJC_ARC = YES;
				CLANG_WARN_BOOL_CONVERSION = YES;
				CLANG_WARN_CONSTANT_CONVERSION = YES;
				CLANG_WARN_DIRECT_OBJC_ISA_USAGE = YES_ERROR;
				CLANG_WARN_DOCUMENTATION_COMMENTS = YES;
				CLANG_WARN_EMPTY_BODY = YES;
				CLANG_WARN_ENUM_CONVERSION = YES;
				CLANG_WARN_INFINITE_RECURSION = YES;
				CLANG_WARN_INT_CONVERSION = YES;
				CLANG_WARN_OBJC_ROOT_CLASS = YES_ERROR;
				CLANG_WARN_SUSPICIOUS_MOVES = YES;
				CLANG_WARN_UNREACHABLE_CODE = YES;
				CLANG_WARN__DUPLICATE_METHOD_MATCH = YES;
				"CODE_SIGN_IDENTITY[sdk=iphoneos*]" = "iPhone Developer";
				COPY_PHASE_STRIP = NO;
				DEBUG_INFORMATION_FORMAT = dwarf;
				ENABLE_STRICT_OBJC_MSGSEND = YES;
				ENABLE_TESTABILITY = YES;
				GCC_C_LANGUAGE_STANDARD = gnu99;
				GCC_DYNAMIC_NO_PIC = NO;
				GCC_NO_COMMON_BLOCKS = YES;
				GCC_OPTIMIZATION_LEVEL = 0;
				GCC_PREPROCESSOR_DEFINITIONS = (
					"DEBUG=1",
					"$(inherited)",
				);
				GCC_WARN_64_TO_32_BIT_CONVERSION = YES;
				GCC_WARN_ABOUT_RETURN_TYPE = YES_ERROR;
				GCC_WARN_UNDECLARED_SELECTOR = YES;
				GCC_WARN_UNINITIALIZED_AUTOS = YES_AGGRESSIVE;
				GCC_WARN_UNUSED_FUNCTION = YES;
				GCC_WARN_UNUSED_VARIABLE = YES;
				IPHONEOS_DEPLOYMENT_TARGET = 10.0;
				MTL_ENABLE_DEBUG_INFO = YES;
				ONLY_ACTIVE_ARCH = YES;
				SDKROOT = iphoneos;
				SWIFT_ACTIVE_COMPILATION_CONDITIONS = DEBUG;
				SWIFT_OPTIMIZATION_LEVEL = "-Onone";
			};
			name = Debug;
		};
		DA344D7E1E3DCD3E00B26CE5 /* Release */ = {
			isa = XCBuildConfiguration;
			buildSettings = {
				ALWAYS_SEARCH_USER_PATHS = NO;
				CLANG_ANALYZER_NONNULL = YES;
				CLANG_CXX_LANGUAGE_STANDARD = "gnu++0x";
				CLANG_CXX_LIBRARY = "libc++";
				CLANG_ENABLE_MODULES = YES;
				CLANG_ENABLE_OBJC_ARC = YES;
				CLANG_WARN_BOOL_CONVERSION = YES;
				CLANG_WARN_CONSTANT_CONVERSION = YES;
				CLANG_WARN_DIRECT_OBJC_ISA_USAGE = YES_ERROR;
				CLANG_WARN_DOCUMENTATION_COMMENTS = YES;
				CLANG_WARN_EMPTY_BODY = YES;
				CLANG_WARN_ENUM_CONVERSION = YES;
				CLANG_WARN_INFINITE_RECURSION = YES;
				CLANG_WARN_INT_CONVERSION = YES;
				CLANG_WARN_OBJC_ROOT_CLASS = YES_ERROR;
				CLANG_WARN_SUSPICIOUS_MOVES = YES;
				CLANG_WARN_UNREACHABLE_CODE = YES;
				CLANG_WARN__DUPLICATE_METHOD_MATCH = YES;
				"CODE_SIGN_IDENTITY[sdk=iphoneos*]" = "iPhone Developer";
				COPY_PHASE_STRIP = NO;
				DEBUG_INFORMATION_FORMAT = "dwarf-with-dsym";
				ENABLE_NS_ASSERTIONS = NO;
				ENABLE_STRICT_OBJC_MSGSEND = YES;
				GCC_C_LANGUAGE_STANDARD = gnu99;
				GCC_NO_COMMON_BLOCKS = YES;
				GCC_WARN_64_TO_32_BIT_CONVERSION = YES;
				GCC_WARN_ABOUT_RETURN_TYPE = YES_ERROR;
				GCC_WARN_UNDECLARED_SELECTOR = YES;
				GCC_WARN_UNINITIALIZED_AUTOS = YES_AGGRESSIVE;
				GCC_WARN_UNUSED_FUNCTION = YES;
				GCC_WARN_UNUSED_VARIABLE = YES;
				IPHONEOS_DEPLOYMENT_TARGET = 10.0;
				MTL_ENABLE_DEBUG_INFO = NO;
				SDKROOT = iphoneos;
				SWIFT_OPTIMIZATION_LEVEL = "-Owholemodule";
				VALIDATE_PRODUCT = YES;
			};
			name = Release;
		};
		DA344D801E3DCD3E00B26CE5 /* Debug */ = {
			isa = XCBuildConfiguration;
			buildSettings = {
				ASSETCATALOG_COMPILER_APPICON_NAME = AppIcon;
				DEVELOPMENT_TEAM = L5PJHUVTXH;
				INFOPLIST_FILE = "Brian Bird/Info.plist";
				LD_RUNPATH_SEARCH_PATHS = "$(inherited) @executable_path/Frameworks";
				PRODUCT_BUNDLE_IDENTIFIER = "com.CanelaApps.Brian-Bird";
				PRODUCT_NAME = "$(TARGET_NAME)";
				SWIFT_VERSION = 3.0;
			};
			name = Debug;
		};
		DA344D811E3DCD3E00B26CE5 /* Release */ = {
			isa = XCBuildConfiguration;
			buildSettings = {
				ASSETCATALOG_COMPILER_APPICON_NAME = AppIcon;
				DEVELOPMENT_TEAM = L5PJHUVTXH;
				INFOPLIST_FILE = "Brian Bird/Info.plist";
				LD_RUNPATH_SEARCH_PATHS = "$(inherited) @executable_path/Frameworks";
				PRODUCT_BUNDLE_IDENTIFIER = "com.CanelaApps.Brian-Bird";
				PRODUCT_NAME = "$(TARGET_NAME)";
				SWIFT_VERSION = 3.0;
			};
			name = Release;
		};
		DA344D831E3DCD3E00B26CE5 /* Debug */ = {
			isa = XCBuildConfiguration;
			buildSettings = {
				ALWAYS_EMBED_SWIFT_STANDARD_LIBRARIES = YES;
				BUNDLE_LOADER = "$(TEST_HOST)";
				DEVELOPMENT_TEAM = L5PJHUVTXH;
				INFOPLIST_FILE = "Brian BirdTests/Info.plist";
				LD_RUNPATH_SEARCH_PATHS = "$(inherited) @executable_path/Frameworks @loader_path/Frameworks";
				PRODUCT_BUNDLE_IDENTIFIER = "com.CanelaApps.Brian-BirdTests";
				PRODUCT_NAME = "$(TARGET_NAME)";
				SWIFT_VERSION = 3.0;
				TEST_HOST = "$(BUILT_PRODUCTS_DIR)/Brian Bird.app/Brian Bird";
			};
			name = Debug;
		};
		DA344D841E3DCD3E00B26CE5 /* Release */ = {
			isa = XCBuildConfiguration;
			buildSettings = {
				ALWAYS_EMBED_SWIFT_STANDARD_LIBRARIES = YES;
				BUNDLE_LOADER = "$(TEST_HOST)";
				DEVELOPMENT_TEAM = L5PJHUVTXH;
				INFOPLIST_FILE = "Brian BirdTests/Info.plist";
				LD_RUNPATH_SEARCH_PATHS = "$(inherited) @executable_path/Frameworks @loader_path/Frameworks";
				PRODUCT_BUNDLE_IDENTIFIER = "com.CanelaApps.Brian-BirdTests";
				PRODUCT_NAME = "$(TARGET_NAME)";
				SWIFT_VERSION = 3.0;
				TEST_HOST = "$(BUILT_PRODUCTS_DIR)/Brian Bird.app/Brian Bird";
			};
			name = Release;
		};
		DA344D861E3DCD3E00B26CE5 /* Debug */ = {
			isa = XCBuildConfiguration;
			buildSettings = {
				ALWAYS_EMBED_SWIFT_STANDARD_LIBRARIES = YES;
				DEVELOPMENT_TEAM = L5PJHUVTXH;
				INFOPLIST_FILE = "Brian BirdUITests/Info.plist";
				LD_RUNPATH_SEARCH_PATHS = "$(inherited) @executable_path/Frameworks @loader_path/Frameworks";
				PRODUCT_BUNDLE_IDENTIFIER = "com.CanelaApps.Brian-BirdUITests";
				PRODUCT_NAME = "$(TARGET_NAME)";
				SWIFT_VERSION = 3.0;
				TEST_TARGET_NAME = "Brian Bird";
			};
			name = Debug;
		};
		DA344D871E3DCD3E00B26CE5 /* Release */ = {
			isa = XCBuildConfiguration;
			buildSettings = {
				ALWAYS_EMBED_SWIFT_STANDARD_LIBRARIES = YES;
				DEVELOPMENT_TEAM = L5PJHUVTXH;
				INFOPLIST_FILE = "Brian BirdUITests/Info.plist";
				LD_RUNPATH_SEARCH_PATHS = "$(inherited) @executable_path/Frameworks @loader_path/Frameworks";
				PRODUCT_BUNDLE_IDENTIFIER = "com.CanelaApps.Brian-BirdUITests";
				PRODUCT_NAME = "$(TARGET_NAME)";
				SWIFT_VERSION = 3.0;
				TEST_TARGET_NAME = "Brian Bird";
			};
			name = Release;
		};
/* End XCBuildConfiguration section */

/* Begin XCConfigurationList section */
		DA344D4C1E3DCD3D00B26CE5 /* Build configuration list for PBXProject "Brian Bird" */ = {
			isa = XCConfigurationList;
			buildConfigurations = (
				DA344D7D1E3DCD3E00B26CE5 /* Debug */,
				DA344D7E1E3DCD3E00B26CE5 /* Release */,
			);
			defaultConfigurationIsVisible = 0;
			defaultConfigurationName = Release;
		};
		DA344D7F1E3DCD3E00B26CE5 /* Build configuration list for PBXNativeTarget "Brian Bird" */ = {
			isa = XCConfigurationList;
			buildConfigurations = (
				DA344D801E3DCD3E00B26CE5 /* Debug */,
				DA344D811E3DCD3E00B26CE5 /* Release */,
			);
			defaultConfigurationIsVisible = 0;
			defaultConfigurationName = Release;
		};
		DA344D821E3DCD3E00B26CE5 /* Build configuration list for PBXNativeTarget "Brian BirdTests" */ = {
			isa = XCConfigurationList;
			buildConfigurations = (
				DA344D831E3DCD3E00B26CE5 /* Debug */,
				DA344D841E3DCD3E00B26CE5 /* Release */,
			);
			defaultConfigurationIsVisible = 0;
			defaultConfigurationName = Release;
		};
		DA344D851E3DCD3E00B26CE5 /* Build configuration list for PBXNativeTarget "Brian BirdUITests" */ = {
			isa = XCConfigurationList;
			buildConfigurations = (
				DA344D861E3DCD3E00B26CE5 /* Debug */,
				DA344D871E3DCD3E00B26CE5 /* Release */,
			);
			defaultConfigurationIsVisible = 0;
			defaultConfigurationName = Release;
		};
/* End XCConfigurationList section */
	};
	rootObject = DA344D491E3DCD3D00B26CE5 /* Project object */;
}
